{
  "dependencies": {
    "kaaj": {
      "name": "kaaj",
      "spec": {
        "url": "https://github.com/databasedav/haalka",
        "ref": {
          "Commit": "d44713752c766eab3ae72b66526934dc65322a57"
        },
        "path": "kaaj"
      }
    }
  },
  "packages": {
    "kaaj": {
      "precise": {
        "Git": {
          "url": "https://github.com/databasedav/haalka",
          "id": "dbb32d677282f87f85de08d1b55fac7bf4bbcf03",
          "path": "kaaj"
        }
      },
      "dependencies": {}
    }
  }
}